{
  "name": "ethan-name-generator",
  "version": "1.0.0",
  "lockfileVersion": 2,
  "requires": true,
  "packages": {
    "": {
      "version": "1.0.0",
      "license": "MIT",
      "dependencies": {
        "faker": "^4.1.0"
      }
    },
    "node_modules/faker": {
      "version": "4.1.0",
      "license": "MIT"
    }
  },
  "dependencies": {
    "faker": {
      "version": "4.1.0"
    }
  }
}
